
Microsoft Visual Studio Solution File, Format Version 12.00
# Visual Studio Version 16
VisualStudioVersion = 16.0.30523.141
MinimumVisualStudioVersion = 10.0.40219.1
Project("{FAE04EC0-301F-11D3-BF4B-00C04F79EFBC}") = "MIsha_test", "MIsha_test\MIsha_test.csproj", "{82ADE9FF-472F-436F-AF80-A6DACDA0A08F}"
EndProject
Global
	GlobalSection(SolutionConfigurationPlatforms) = preSolution
		Debug|Any CPU = Debug|Any CPU
		Release|Any CPU = Release|Any CPU
	EndGlobalSection
	GlobalSection(ProjectConfigurationPlatforms) = postSolution
		{82ADE9FF-472F-436F-AF80-A6DACDA0A08F}.Debug|Any CPU.ActiveCfg = Debug|Any CPU
		{82ADE9FF-472F-436F-AF80-A6DACDA0A08F}.Debug|Any CPU.Build.0 = Debug|Any CPU
		{82ADE9FF-472F-436F-AF80-A6DACDA0A08F}.Release|Any CPU.ActiveCfg = Release|Any CPU
		{82ADE9FF-472F-436F-AF80-A6DACDA0A08F}.Release|Any CPU.Build.0 = Release|Any CPU
	EndGlobalSection
	GlobalSection(SolutionProperties) = preSolution
		HideSolutionNode = FALSE
	EndGlobalSection
	GlobalSection(ExtensibilityGlobals) = postSolution
		SolutionGuid = {1CA1D04F-A868-4F3C-ABAD-1E67ED21B46D}
	EndGlobalSection
EndGlobal
